<?xml version="1.0" encoding="utf-8"?>
<Project ToolsVersion="4.0" xmlns="http://schemas.microsoft.com/developer/msbuild/2003">
  <ItemGroup>
    <Filter Include="Dictionaries">
      <UniqueIdentifier>{d4db9d07-009c-4eba-ad88-c22cc68498fb}</UniqueIdentifier>
      <ParseFiles>false</ParseFiles>
    </Filter>
  </ItemGroup>
  <ItemGroup>
    <CustomBuild Include="de_DE.aff">
      <Filter>Dictionaries</Filter>
    </CustomBuild>
    <CustomBuild Include="de_DE.dic">
      <Filter>Dictionaries</Filter>
    </CustomBuild>
    <CustomBuild Include="en_GB.aff">
      <Filter>Dictionaries</Filter>
    </CustomBuild>
    <CustomBuild Include="en_GB.dic">
      <Filter>Dictionaries</Filter>
    </CustomBuild>
    <CustomBuild Include="en_US.aff">
      <Filter>Dictionaries</Filter>
    </CustomBuild>
    <CustomBuild Include="en_US.dic">
      <Filter>Dictionaries</Filter>
    </CustomBuild>
    <CustomBuild Include="fr_FR-1990.aff">
      <Filter>Dictionaries</Filter>
    </CustomBuild>
    <CustomBuild Include="fr_FR-1990.dic">
      <Filter>Dictionaries</Filter>
    </CustomBuild>
    <CustomBuild Include="fr_FR.aff">
      <Filter>Dictionaries</Filter>
    </CustomBuild>
    <CustomBuild Include="fr_FR.dic">
      <Filter>Dictionaries</Filter>
    </CustomBuild>
  </ItemGroup>
</Project>