
Microsoft Visual Studio Solution File, Format Version 10.00
# Visual Studio 2008
Project("{8BC9CEB8-8B4A-11D0-8D11-00A0C91BC942}") = "InterfaceWrapper", "InterfaceWrapper\source\InterfaceWrapper.vcproj", "{884A5C93-0BE0-42E0-A688-DDC80C53DF48}"
EndProject
Project("{8BC9CEB8-8B4A-11D0-8D11-00A0C91BC942}") = "MFCExt", "MFCExt\Source\MFCExt.vcproj", "{049FFAEF-6751-42F1-B069-DB51BD24911B}"
EndProject
Project("{8BC9CEB8-8B4A-11D0-8D11-00A0C91BC942}") = "MSXMLCPP", "MSXMLCpp\source\MSXMLCPP.vcproj", "{5E77A852-5E2B-4E6B-B57F-70676F473C93}"
	ProjectSection(ProjectDependencies) = postProject
		{884A5C93-0BE0-42E0-A688-DDC80C53DF48} = {884A5C93-0BE0-42E0-A688-DDC80C53DF48}
	EndProjectSection
EndProject
Project("{8BC9CEB8-8B4A-11D0-8D11-00A0C91BC942}") = "Documentation", "TCHelp\SourceCodeDoc\TXCDocumentation.vcproj", "{6A2C0D58-A215-42E0-B4B6-2151467D772A}"
EndProject
Project("{8BC9CEB8-8B4A-11D0-8D11-00A0C91BC942}") = "TeXnicCenter", "TeXnicCenter\TeXnicCenter.vcproj", "{7795423E-417E-4C41-A629-11EFD0EBF8AD}"
	ProjectSection(ProjectDependencies) = postProject
		{12243F23-547E-4676-A36D-7DE0EE131354} = {12243F23-547E-4676-A36D-7DE0EE131354}
		{5EECC42B-6396-41B4-BADC-27F6A98E8090} = {5EECC42B-6396-41B4-BADC-27F6A98E8090}
		{D316722D-FFED-44C6-A643-830BC2F521B4} = {D316722D-FFED-44C6-A643-830BC2F521B4}
		{7D010430-948A-4400-85C4-7D18CB92068F} = {7D010430-948A-4400-85C4-7D18CB92068F}
		{5E77A852-5E2B-4E6B-B57F-70676F473C93} = {5E77A852-5E2B-4E6B-B57F-70676F473C93}
		{884A5C93-0BE0-42E0-A688-DDC80C53DF48} = {884A5C93-0BE0-42E0-A688-DDC80C53DF48}
		{8BCF7B96-863C-43BE-9B8A-84B8AAB304C7} = {8BCF7B96-863C-43BE-9B8A-84B8AAB304C7}
		{53609BB3-D874-465C-AF7B-DF626DB0D89B} = {53609BB3-D874-465C-AF7B-DF626DB0D89B}
		{049FFAEF-6751-42F1-B069-DB51BD24911B} = {049FFAEF-6751-42F1-B069-DB51BD24911B}
	EndProjectSection
EndProject
Project("{8BC9CEB8-8B4A-11D0-8D11-00A0C91BC942}") = "TeXnicCenterObjects", "TeXnicCenterObjects\Source\TeXnicCenterObjects.vcproj", "{7D010430-948A-4400-85C4-7D18CB92068F}"
EndProject
Project("{8BC9CEB8-8B4A-11D0-8D11-00A0C91BC942}") = "Templates", "Templates\Templates.vcproj", "{BA9151F3-0EF2-4A3C-99CB-35B0A3A3D38F}"
EndProject
Project("{8BC9CEB8-8B4A-11D0-8D11-00A0C91BC942}") = "TxcResDeutsch", "TeXnicCenter\TxcDeutsch.vcproj", "{E8E006D1-6599-43C2-AD30-75E5B5B9F68F}"
	ProjectSection(ProjectDependencies) = postProject
		{7795423E-417E-4C41-A629-11EFD0EBF8AD} = {7795423E-417E-4C41-A629-11EFD0EBF8AD}
	EndProjectSection
EndProject
Project("{8BC9CEB8-8B4A-11D0-8D11-00A0C91BC942}") = "TxcResEnglish", "TeXnicCenter\TxcEnglish.vcproj", "{08362FD8-04F1-4366-BF4D-31A7707944B9}"
	ProjectSection(ProjectDependencies) = postProject
		{E8E006D1-6599-43C2-AD30-75E5B5B9F68F} = {E8E006D1-6599-43C2-AD30-75E5B5B9F68F}
	EndProjectSection
EndProject
Project("{8BC9CEB8-8B4A-11D0-8D11-00A0C91BC942}") = "Hunspell", "Hunspell\src\win_api\libhunspell.vcproj", "{53609BB3-D874-465C-AF7B-DF626DB0D89B}"
EndProject
Project("{8BC9CEB8-8B4A-11D0-8D11-00A0C91BC942}") = "TXCUserHelp", "TCHelp\TXCUserHelp.vcproj", "{12243F23-547E-4676-A36D-7DE0EE131354}"
EndProject
Project("{8BC9CEB8-8B4A-11D0-8D11-00A0C91BC942}") = "Dictionaries", "Dictionaries\Dictionaries.vcproj", "{8BCF7B96-863C-43BE-9B8A-84B8AAB304C7}"
EndProject
Project("{8BC9CEB8-8B4A-11D0-8D11-00A0C91BC942}") = "SciLexer", "Scintilla\vcbuild\SciLexer.vcproj", "{5EECC42B-6396-41B4-BADC-27F6A98E8090}"
EndProject
Project("{8BC9CEB8-8B4A-11D0-8D11-00A0C91BC942}") = "libiconv", "libiconv\libiconv.vcproj", "{D316722D-FFED-44C6-A643-830BC2F521B4}"
EndProject
Global
	GlobalSection(SolutionConfigurationPlatforms) = preSolution
		Debug|Win32 = Debug|Win32
		Debug|x64 = Debug|x64
		Release|Win32 = Release|Win32
		Release|x64 = Release|x64
		Unicode Debug|Win32 = Unicode Debug|Win32
		Unicode Debug|x64 = Unicode Debug|x64
		Unicode Release|Win32 = Unicode Release|Win32
		Unicode Release|x64 = Unicode Release|x64
	EndGlobalSection
	GlobalSection(ProjectConfigurationPlatforms) = postSolution
		{884A5C93-0BE0-42E0-A688-DDC80C53DF48}.Debug|Win32.ActiveCfg = Debug|Win32
		{884A5C93-0BE0-42E0-A688-DDC80C53DF48}.Debug|Win32.Build.0 = Debug|Win32
		{884A5C93-0BE0-42E0-A688-DDC80C53DF48}.Debug|x64.ActiveCfg = Debug|x64
		{884A5C93-0BE0-42E0-A688-DDC80C53DF48}.Debug|x64.Build.0 = Debug|x64
		{884A5C93-0BE0-42E0-A688-DDC80C53DF48}.Release|Win32.ActiveCfg = Release|Win32
		{884A5C93-0BE0-42E0-A688-DDC80C53DF48}.Release|Win32.Build.0 = Release|Win32
		{884A5C93-0BE0-42E0-A688-DDC80C53DF48}.Release|x64.ActiveCfg = Release|x64
		{884A5C93-0BE0-42E0-A688-DDC80C53DF48}.Release|x64.Build.0 = Release|x64
		{884A5C93-0BE0-42E0-A688-DDC80C53DF48}.Unicode Debug|Win32.ActiveCfg = Unicode Debug|Win32
		{884A5C93-0BE0-42E0-A688-DDC80C53DF48}.Unicode Debug|Win32.Build.0 = Unicode Debug|Win32
		{884A5C93-0BE0-42E0-A688-DDC80C53DF48}.Unicode Debug|x64.ActiveCfg = Unicode Debug|x64
		{884A5C93-0BE0-42E0-A688-DDC80C53DF48}.Unicode Debug|x64.Build.0 = Unicode Debug|x64
		{884A5C93-0BE0-42E0-A688-DDC80C53DF48}.Unicode Release|Win32.ActiveCfg = Unicode Release|Win32
		{884A5C93-0BE0-42E0-A688-DDC80C53DF48}.Unicode Release|Win32.Build.0 = Unicode Release|Win32
		{884A5C93-0BE0-42E0-A688-DDC80C53DF48}.Unicode Release|x64.ActiveCfg = Unicode Release|x64
		{884A5C93-0BE0-42E0-A688-DDC80C53DF48}.Unicode Release|x64.Build.0 = Unicode Release|x64
		{049FFAEF-6751-42F1-B069-DB51BD24911B}.Debug|Win32.ActiveCfg = Debug|Win32
		{049FFAEF-6751-42F1-B069-DB51BD24911B}.Debug|Win32.Build.0 = Debug|Win32
		{049FFAEF-6751-42F1-B069-DB51BD24911B}.Debug|x64.ActiveCfg = Debug|x64
		{049FFAEF-6751-42F1-B069-DB51BD24911B}.Debug|x64.Build.0 = Debug|x64
		{049FFAEF-6751-42F1-B069-DB51BD24911B}.Release|Win32.ActiveCfg = Release|Win32
		{049FFAEF-6751-42F1-B069-DB51BD24911B}.Release|Win32.Build.0 = Release|Win32
		{049FFAEF-6751-42F1-B069-DB51BD24911B}.Release|x64.ActiveCfg = Release|x64
		{049FFAEF-6751-42F1-B069-DB51BD24911B}.Release|x64.Build.0 = Release|x64
		{049FFAEF-6751-42F1-B069-DB51BD24911B}.Unicode Debug|Win32.ActiveCfg = Unicode Debug|Win32
		{049FFAEF-6751-42F1-B069-DB51BD24911B}.Unicode Debug|Win32.Build.0 = Unicode Debug|Win32
		{049FFAEF-6751-42F1-B069-DB51BD24911B}.Unicode Debug|x64.ActiveCfg = Unicode Debug|x64
		{049FFAEF-6751-42F1-B069-DB51BD24911B}.Unicode Debug|x64.Build.0 = Unicode Debug|x64
		{049FFAEF-6751-42F1-B069-DB51BD24911B}.Unicode Release|Win32.ActiveCfg = Unicode Release|Win32
		{049FFAEF-6751-42F1-B069-DB51BD24911B}.Unicode Release|Win32.Build.0 = Unicode Release|Win32
		{049FFAEF-6751-42F1-B069-DB51BD24911B}.Unicode Release|x64.ActiveCfg = Unicode Release|x64
		{049FFAEF-6751-42F1-B069-DB51BD24911B}.Unicode Release|x64.Build.0 = Unicode Release|x64
		{5E77A852-5E2B-4E6B-B57F-70676F473C93}.Debug|Win32.ActiveCfg = Debug|Win32
		{5E77A852-5E2B-4E6B-B57F-70676F473C93}.Debug|Win32.Build.0 = Debug|Win32
		{5E77A852-5E2B-4E6B-B57F-70676F473C93}.Debug|x64.ActiveCfg = Debug|x64
		{5E77A852-5E2B-4E6B-B57F-70676F473C93}.Debug|x64.Build.0 = Debug|x64
		{5E77A852-5E2B-4E6B-B57F-70676F473C93}.Release|Win32.ActiveCfg = Release|Win32
		{5E77A852-5E2B-4E6B-B57F-70676F473C93}.Release|Win32.Build.0 = Release|Win32
		{5E77A852-5E2B-4E6B-B57F-70676F473C93}.Release|x64.ActiveCfg = Release|x64
		{5E77A852-5E2B-4E6B-B57F-70676F473C93}.Release|x64.Build.0 = Release|x64
		{5E77A852-5E2B-4E6B-B57F-70676F473C93}.Unicode Debug|Win32.ActiveCfg = Unicode Debug|Win32
		{5E77A852-5E2B-4E6B-B57F-70676F473C93}.Unicode Debug|Win32.Build.0 = Unicode Debug|Win32
		{5E77A852-5E2B-4E6B-B57F-70676F473C93}.Unicode Debug|x64.ActiveCfg = Unicode Debug|x64
		{5E77A852-5E2B-4E6B-B57F-70676F473C93}.Unicode Debug|x64.Build.0 = Unicode Debug|x64
		{5E77A852-5E2B-4E6B-B57F-70676F473C93}.Unicode Release|Win32.ActiveCfg = Unicode Release|Win32
		{5E77A852-5E2B-4E6B-B57F-70676F473C93}.Unicode Release|Win32.Build.0 = Unicode Release|Win32
		{5E77A852-5E2B-4E6B-B57F-70676F473C93}.Unicode Release|x64.ActiveCfg = Unicode Release|x64
		{5E77A852-5E2B-4E6B-B57F-70676F473C93}.Unicode Release|x64.Build.0 = Unicode Release|x64
		{6A2C0D58-A215-42E0-B4B6-2151467D772A}.Debug|Win32.ActiveCfg = Release|Win32
		{6A2C0D58-A215-42E0-B4B6-2151467D772A}.Debug|Win32.Build.0 = Release|Win32
		{6A2C0D58-A215-42E0-B4B6-2151467D772A}.Debug|x64.ActiveCfg = Release|x64
		{6A2C0D58-A215-42E0-B4B6-2151467D772A}.Debug|x64.Build.0 = Release|x64
		{6A2C0D58-A215-42E0-B4B6-2151467D772A}.Release|Win32.ActiveCfg = Release|Win32
		{6A2C0D58-A215-42E0-B4B6-2151467D772A}.Release|Win32.Build.0 = Release|Win32
		{6A2C0D58-A215-42E0-B4B6-2151467D772A}.Release|x64.ActiveCfg = Release|x64
		{6A2C0D58-A215-42E0-B4B6-2151467D772A}.Unicode Debug|Win32.ActiveCfg = Release|Win32
		{6A2C0D58-A215-42E0-B4B6-2151467D772A}.Unicode Debug|x64.ActiveCfg = Release|x64
		{6A2C0D58-A215-42E0-B4B6-2151467D772A}.Unicode Debug|x64.Build.0 = Release|x64
		{6A2C0D58-A215-42E0-B4B6-2151467D772A}.Unicode Release|Win32.ActiveCfg = Release|Win32
		{6A2C0D58-A215-42E0-B4B6-2151467D772A}.Unicode Release|x64.ActiveCfg = Release|x64
		{6A2C0D58-A215-42E0-B4B6-2151467D772A}.Unicode Release|x64.Build.0 = Release|x64
		{7795423E-417E-4C41-A629-11EFD0EBF8AD}.Debug|Win32.ActiveCfg = Debug|Win32
		{7795423E-417E-4C41-A629-11EFD0EBF8AD}.Debug|Win32.Build.0 = Debug|Win32
		{7795423E-417E-4C41-A629-11EFD0EBF8AD}.Debug|x64.ActiveCfg = Debug|x64
		{7795423E-417E-4C41-A629-11EFD0EBF8AD}.Debug|x64.Build.0 = Debug|x64
		{7795423E-417E-4C41-A629-11EFD0EBF8AD}.Release|Win32.ActiveCfg = Release|Win32
		{7795423E-417E-4C41-A629-11EFD0EBF8AD}.Release|Win32.Build.0 = Release|Win32
		{7795423E-417E-4C41-A629-11EFD0EBF8AD}.Release|x64.ActiveCfg = Release|x64
		{7795423E-417E-4C41-A629-11EFD0EBF8AD}.Release|x64.Build.0 = Release|x64
		{7795423E-417E-4C41-A629-11EFD0EBF8AD}.Unicode Debug|Win32.ActiveCfg = Unicode Debug|Win32
		{7795423E-417E-4C41-A629-11EFD0EBF8AD}.Unicode Debug|Win32.Build.0 = Unicode Debug|Win32
		{7795423E-417E-4C41-A629-11EFD0EBF8AD}.Unicode Debug|x64.ActiveCfg = Unicode Debug|x64
		{7795423E-417E-4C41-A629-11EFD0EBF8AD}.Unicode Debug|x64.Build.0 = Unicode Debug|x64
		{7795423E-417E-4C41-A629-11EFD0EBF8AD}.Unicode Release|Win32.ActiveCfg = Unicode Release|Win32
		{7795423E-417E-4C41-A629-11EFD0EBF8AD}.Unicode Release|Win32.Build.0 = Unicode Release|Win32
		{7795423E-417E-4C41-A629-11EFD0EBF8AD}.Unicode Release|x64.ActiveCfg = Unicode Release|x64
		{7795423E-417E-4C41-A629-11EFD0EBF8AD}.Unicode Release|x64.Build.0 = Unicode Release|x64
		{7D010430-948A-4400-85C4-7D18CB92068F}.Debug|Win32.ActiveCfg = Debug|Win32
		{7D010430-948A-4400-85C4-7D18CB92068F}.Debug|Win32.Build.0 = Debug|Win32
		{7D010430-948A-4400-85C4-7D18CB92068F}.Debug|x64.ActiveCfg = Debug|x64
		{7D010430-948A-4400-85C4-7D18CB92068F}.Debug|x64.Build.0 = Debug|x64
		{7D010430-948A-4400-85C4-7D18CB92068F}.Release|Win32.ActiveCfg = Release|Win32
		{7D010430-948A-4400-85C4-7D18CB92068F}.Release|Win32.Build.0 = Release|Win32
		{7D010430-948A-4400-85C4-7D18CB92068F}.Release|x64.ActiveCfg = Release|x64
		{7D010430-948A-4400-85C4-7D18CB92068F}.Release|x64.Build.0 = Release|x64
		{7D010430-948A-4400-85C4-7D18CB92068F}.Unicode Debug|Win32.ActiveCfg = Unicode Debug|Win32
		{7D010430-948A-4400-85C4-7D18CB92068F}.Unicode Debug|Win32.Build.0 = Unicode Debug|Win32
		{7D010430-948A-4400-85C4-7D18CB92068F}.Unicode Debug|x64.ActiveCfg = Unicode Debug|x64
		{7D010430-948A-4400-85C4-7D18CB92068F}.Unicode Debug|x64.Build.0 = Unicode Debug|x64
		{7D010430-948A-4400-85C4-7D18CB92068F}.Unicode Release|Win32.ActiveCfg = Unicode Release|Win32
		{7D010430-948A-4400-85C4-7D18CB92068F}.Unicode Release|Win32.Build.0 = Unicode Release|Win32
		{7D010430-948A-4400-85C4-7D18CB92068F}.Unicode Release|x64.ActiveCfg = Unicode Release|x64
		{7D010430-948A-4400-85C4-7D18CB92068F}.Unicode Release|x64.Build.0 = Unicode Release|x64
		{BA9151F3-0EF2-4A3C-99CB-35B0A3A3D38F}.Debug|Win32.ActiveCfg = Debug|Win32
		{BA9151F3-0EF2-4A3C-99CB-35B0A3A3D38F}.Debug|Win32.Build.0 = Debug|Win32
		{BA9151F3-0EF2-4A3C-99CB-35B0A3A3D38F}.Debug|x64.ActiveCfg = Debug|x64
		{BA9151F3-0EF2-4A3C-99CB-35B0A3A3D38F}.Debug|x64.Build.0 = Debug|x64
		{BA9151F3-0EF2-4A3C-99CB-35B0A3A3D38F}.Release|Win32.ActiveCfg = Release|Win32
		{BA9151F3-0EF2-4A3C-99CB-35B0A3A3D38F}.Release|Win32.Build.0 = Release|Win32
		{BA9151F3-0EF2-4A3C-99CB-35B0A3A3D38F}.Release|x64.ActiveCfg = Release|x64
		{BA9151F3-0EF2-4A3C-99CB-35B0A3A3D38F}.Release|x64.Build.0 = Release|x64
		{BA9151F3-0EF2-4A3C-99CB-35B0A3A3D38F}.Unicode Debug|Win32.ActiveCfg = Unicode Debug|Win32
		{BA9151F3-0EF2-4A3C-99CB-35B0A3A3D38F}.Unicode Debug|Win32.Build.0 = Unicode Debug|Win32
		{BA9151F3-0EF2-4A3C-99CB-35B0A3A3D38F}.Unicode Debug|x64.ActiveCfg = Unicode Debug|x64
		{BA9151F3-0EF2-4A3C-99CB-35B0A3A3D38F}.Unicode Debug|x64.Build.0 = Unicode Debug|x64
		{BA9151F3-0EF2-4A3C-99CB-35B0A3A3D38F}.Unicode Release|Win32.ActiveCfg = Unicode Release|Win32
		{BA9151F3-0EF2-4A3C-99CB-35B0A3A3D38F}.Unicode Release|Win32.Build.0 = Unicode Release|Win32
		{BA9151F3-0EF2-4A3C-99CB-35B0A3A3D38F}.Unicode Release|x64.ActiveCfg = Unicode Release|x64
		{BA9151F3-0EF2-4A3C-99CB-35B0A3A3D38F}.Unicode Release|x64.Build.0 = Unicode Release|x64
		{E8E006D1-6599-43C2-AD30-75E5B5B9F68F}.Debug|Win32.ActiveCfg = Debug|Win32
		{E8E006D1-6599-43C2-AD30-75E5B5B9F68F}.Debug|Win32.Build.0 = Debug|Win32
		{E8E006D1-6599-43C2-AD30-75E5B5B9F68F}.Debug|x64.ActiveCfg = Debug|x64
		{E8E006D1-6599-43C2-AD30-75E5B5B9F68F}.Debug|x64.Build.0 = Debug|x64
		{E8E006D1-6599-43C2-AD30-75E5B5B9F68F}.Release|Win32.ActiveCfg = Release|Win32
		{E8E006D1-6599-43C2-AD30-75E5B5B9F68F}.Release|Win32.Build.0 = Release|Win32
		{E8E006D1-6599-43C2-AD30-75E5B5B9F68F}.Release|x64.ActiveCfg = Release|x64
		{E8E006D1-6599-43C2-AD30-75E5B5B9F68F}.Release|x64.Build.0 = Release|x64
		{E8E006D1-6599-43C2-AD30-75E5B5B9F68F}.Unicode Debug|Win32.ActiveCfg = Unicode Debug|Win32
		{E8E006D1-6599-43C2-AD30-75E5B5B9F68F}.Unicode Debug|Win32.Build.0 = Unicode Debug|Win32
		{E8E006D1-6599-43C2-AD30-75E5B5B9F68F}.Unicode Debug|x64.ActiveCfg = Unicode Debug|x64
		{E8E006D1-6599-43C2-AD30-75E5B5B9F68F}.Unicode Debug|x64.Build.0 = Unicode Debug|x64
		{E8E006D1-6599-43C2-AD30-75E5B5B9F68F}.Unicode Release|Win32.ActiveCfg = Unicode Release|Win32
		{E8E006D1-6599-43C2-AD30-75E5B5B9F68F}.Unicode Release|Win32.Build.0 = Unicode Release|Win32
		{E8E006D1-6599-43C2-AD30-75E5B5B9F68F}.Unicode Release|x64.ActiveCfg = Unicode Release|x64
		{E8E006D1-6599-43C2-AD30-75E5B5B9F68F}.Unicode Release|x64.Build.0 = Unicode Release|x64
		{08362FD8-04F1-4366-BF4D-31A7707944B9}.Debug|Win32.ActiveCfg = Debug|Win32
		{08362FD8-04F1-4366-BF4D-31A7707944B9}.Debug|Win32.Build.0 = Debug|Win32
		{08362FD8-04F1-4366-BF4D-31A7707944B9}.Debug|x64.ActiveCfg = Debug|x64
		{08362FD8-04F1-4366-BF4D-31A7707944B9}.Debug|x64.Build.0 = Debug|x64
		{08362FD8-04F1-4366-BF4D-31A7707944B9}.Release|Win32.ActiveCfg = Release|Win32
		{08362FD8-04F1-4366-BF4D-31A7707944B9}.Release|Win32.Build.0 = Release|Win32
		{08362FD8-04F1-4366-BF4D-31A7707944B9}.Release|x64.ActiveCfg = Release|x64
		{08362FD8-04F1-4366-BF4D-31A7707944B9}.Release|x64.Build.0 = Release|x64
		{08362FD8-04F1-4366-BF4D-31A7707944B9}.Unicode Debug|Win32.ActiveCfg = Unicode Debug|Win32
		{08362FD8-04F1-4366-BF4D-31A7707944B9}.Unicode Debug|Win32.Build.0 = Unicode Debug|Win32
		{08362FD8-04F1-4366-BF4D-31A7707944B9}.Unicode Debug|x64.ActiveCfg = Unicode Debug|x64
		{08362FD8-04F1-4366-BF4D-31A7707944B9}.Unicode Debug|x64.Build.0 = Unicode Debug|x64
		{08362FD8-04F1-4366-BF4D-31A7707944B9}.Unicode Release|Win32.ActiveCfg = Unicode Release|Win32
		{08362FD8-04F1-4366-BF4D-31A7707944B9}.Unicode Release|Win32.Build.0 = Unicode Release|Win32
		{08362FD8-04F1-4366-BF4D-31A7707944B9}.Unicode Release|x64.ActiveCfg = Unicode Release|x64
		{08362FD8-04F1-4366-BF4D-31A7707944B9}.Unicode Release|x64.Build.0 = Unicode Release|x64
		{53609BB3-D874-465C-AF7B-DF626DB0D89B}.Debug|Win32.ActiveCfg = Debug|Win32
		{53609BB3-D874-465C-AF7B-DF626DB0D89B}.Debug|Win32.Build.0 = Debug|Win32
		{53609BB3-D874-465C-AF7B-DF626DB0D89B}.Debug|x64.ActiveCfg = Debug|x64
		{53609BB3-D874-465C-AF7B-DF626DB0D89B}.Debug|x64.Build.0 = Debug|x64
		{53609BB3-D874-465C-AF7B-DF626DB0D89B}.Release|Win32.ActiveCfg = Release|Win32
		{53609BB3-D874-465C-AF7B-DF626DB0D89B}.Release|Win32.Build.0 = Release|Win32
		{53609BB3-D874-465C-AF7B-DF626DB0D89B}.Release|x64.ActiveCfg = Release|x64
		{53609BB3-D874-465C-AF7B-DF626DB0D89B}.Release|x64.Build.0 = Release|x64
		{53609BB3-D874-465C-AF7B-DF626DB0D89B}.Unicode Debug|Win32.ActiveCfg = Unicode Debug|Win32
		{53609BB3-D874-465C-AF7B-DF626DB0D89B}.Unicode Debug|Win32.Build.0 = Unicode Debug|Win32
		{53609BB3-D874-465C-AF7B-DF626DB0D89B}.Unicode Debug|x64.ActiveCfg = Unicode Debug|x64
		{53609BB3-D874-465C-AF7B-DF626DB0D89B}.Unicode Debug|x64.Build.0 = Unicode Debug|x64
		{53609BB3-D874-465C-AF7B-DF626DB0D89B}.Unicode Release|Win32.ActiveCfg = Unicode Release|Win32
		{53609BB3-D874-465C-AF7B-DF626DB0D89B}.Unicode Release|Win32.Build.0 = Unicode Release|Win32
		{53609BB3-D874-465C-AF7B-DF626DB0D89B}.Unicode Release|x64.ActiveCfg = Unicode Release|x64
		{53609BB3-D874-465C-AF7B-DF626DB0D89B}.Unicode Release|x64.Build.0 = Unicode Release|x64
		{12243F23-547E-4676-A36D-7DE0EE131354}.Debug|Win32.ActiveCfg = Debug|Win32
		{12243F23-547E-4676-A36D-7DE0EE131354}.Debug|Win32.Build.0 = Debug|Win32
		{12243F23-547E-4676-A36D-7DE0EE131354}.Debug|x64.ActiveCfg = Debug|x64
		{12243F23-547E-4676-A36D-7DE0EE131354}.Debug|x64.Build.0 = Debug|x64
		{12243F23-547E-4676-A36D-7DE0EE131354}.Release|Win32.ActiveCfg = Release|Win32
		{12243F23-547E-4676-A36D-7DE0EE131354}.Release|Win32.Build.0 = Release|Win32
		{12243F23-547E-4676-A36D-7DE0EE131354}.Release|x64.ActiveCfg = Release|x64
		{12243F23-547E-4676-A36D-7DE0EE131354}.Release|x64.Build.0 = Release|x64
		{12243F23-547E-4676-A36D-7DE0EE131354}.Unicode Debug|Win32.ActiveCfg = Unicode Debug|Win32
		{12243F23-547E-4676-A36D-7DE0EE131354}.Unicode Debug|Win32.Build.0 = Unicode Debug|Win32
		{12243F23-547E-4676-A36D-7DE0EE131354}.Unicode Debug|x64.ActiveCfg = Unicode Debug|x64
		{12243F23-547E-4676-A36D-7DE0EE131354}.Unicode Debug|x64.Build.0 = Unicode Debug|x64
		{12243F23-547E-4676-A36D-7DE0EE131354}.Unicode Release|Win32.ActiveCfg = Unicode Release|Win32
		{12243F23-547E-4676-A36D-7DE0EE131354}.Unicode Release|Win32.Build.0 = Unicode Release|Win32
		{12243F23-547E-4676-A36D-7DE0EE131354}.Unicode Release|x64.ActiveCfg = Unicode Release|x64
		{12243F23-547E-4676-A36D-7DE0EE131354}.Unicode Release|x64.Build.0 = Unicode Release|x64
		{8BCF7B96-863C-43BE-9B8A-84B8AAB304C7}.Debug|Win32.ActiveCfg = Debug|Win32
		{8BCF7B96-863C-43BE-9B8A-84B8AAB304C7}.Debug|Win32.Build.0 = Debug|Win32
		{8BCF7B96-863C-43BE-9B8A-84B8AAB304C7}.Debug|x64.ActiveCfg = Debug|x64
		{8BCF7B96-863C-43BE-9B8A-84B8AAB304C7}.Debug|x64.Build.0 = Debug|x64
		{8BCF7B96-863C-43BE-9B8A-84B8AAB304C7}.Release|Win32.ActiveCfg = Release|Win32
		{8BCF7B96-863C-43BE-9B8A-84B8AAB304C7}.Release|Win32.Build.0 = Release|Win32
		{8BCF7B96-863C-43BE-9B8A-84B8AAB304C7}.Release|x64.ActiveCfg = Release|x64
		{8BCF7B96-863C-43BE-9B8A-84B8AAB304C7}.Release|x64.Build.0 = Release|x64
		{8BCF7B96-863C-43BE-9B8A-84B8AAB304C7}.Unicode Debug|Win32.ActiveCfg = Unicode Debug|Win32
		{8BCF7B96-863C-43BE-9B8A-84B8AAB304C7}.Unicode Debug|Win32.Build.0 = Unicode Debug|Win32
		{8BCF7B96-863C-43BE-9B8A-84B8AAB304C7}.Unicode Debug|x64.ActiveCfg = Unicode Debug|x64
		{8BCF7B96-863C-43BE-9B8A-84B8AAB304C7}.Unicode Debug|x64.Build.0 = Unicode Debug|x64
		{8BCF7B96-863C-43BE-9B8A-84B8AAB304C7}.Unicode Release|Win32.ActiveCfg = Unicode Release|Win32
		{8BCF7B96-863C-43BE-9B8A-84B8AAB304C7}.Unicode Release|Win32.Build.0 = Unicode Release|Win32
		{8BCF7B96-863C-43BE-9B8A-84B8AAB304C7}.Unicode Release|x64.ActiveCfg = Unicode Release|x64
		{8BCF7B96-863C-43BE-9B8A-84B8AAB304C7}.Unicode Release|x64.Build.0 = Unicode Release|x64
		{5EECC42B-6396-41B4-BADC-27F6A98E8090}.Debug|Win32.ActiveCfg = Debug|Win32
		{5EECC42B-6396-41B4-BADC-27F6A98E8090}.Debug|Win32.Build.0 = Debug|Win32
		{5EECC42B-6396-41B4-BADC-27F6A98E8090}.Debug|x64.ActiveCfg = Debug|x64
		{5EECC42B-6396-41B4-BADC-27F6A98E8090}.Debug|x64.Build.0 = Debug|x64
		{5EECC42B-6396-41B4-BADC-27F6A98E8090}.Release|Win32.ActiveCfg = Release|Win32
		{5EECC42B-6396-41B4-BADC-27F6A98E8090}.Release|Win32.Build.0 = Release|Win32
		{5EECC42B-6396-41B4-BADC-27F6A98E8090}.Release|x64.ActiveCfg = Release|x64
		{5EECC42B-6396-41B4-BADC-27F6A98E8090}.Release|x64.Build.0 = Release|x64
		{5EECC42B-6396-41B4-BADC-27F6A98E8090}.Unicode Debug|Win32.ActiveCfg = Unicode Debug|Win32
		{5EECC42B-6396-41B4-BADC-27F6A98E8090}.Unicode Debug|Win32.Build.0 = Unicode Debug|Win32
		{5EECC42B-6396-41B4-BADC-27F6A98E8090}.Unicode Debug|x64.ActiveCfg = Unicode Debug|x64
		{5EECC42B-6396-41B4-BADC-27F6A98E8090}.Unicode Debug|x64.Build.0 = Unicode Debug|x64
		{5EECC42B-6396-41B4-BADC-27F6A98E8090}.Unicode Release|Win32.ActiveCfg = Unicode Release|Win32
		{5EECC42B-6396-41B4-BADC-27F6A98E8090}.Unicode Release|Win32.Build.0 = Unicode Release|Win32
		{5EECC42B-6396-41B4-BADC-27F6A98E8090}.Unicode Release|x64.ActiveCfg = Unicode Release|x64
		{5EECC42B-6396-41B4-BADC-27F6A98E8090}.Unicode Release|x64.Build.0 = Unicode Release|x64
		{D316722D-FFED-44C6-A643-830BC2F521B4}.Debug|Win32.ActiveCfg = Debug|Win32
		{D316722D-FFED-44C6-A643-830BC2F521B4}.Debug|Win32.Build.0 = Debug|Win32
		{D316722D-FFED-44C6-A643-830BC2F521B4}.Debug|x64.ActiveCfg = Debug|x64
		{D316722D-FFED-44C6-A643-830BC2F521B4}.Debug|x64.Build.0 = Debug|x64
		{D316722D-FFED-44C6-A643-830BC2F521B4}.Release|Win32.ActiveCfg = Release|Win32
		{D316722D-FFED-44C6-A643-830BC2F521B4}.Release|Win32.Build.0 = Release|Win32
		{D316722D-FFED-44C6-A643-830BC2F521B4}.Release|x64.ActiveCfg = Release|x64
		{D316722D-FFED-44C6-A643-830BC2F521B4}.Release|x64.Build.0 = Release|x64
		{D316722D-FFED-44C6-A643-830BC2F521B4}.Unicode Debug|Win32.ActiveCfg = Unicode Debug|Win32
		{D316722D-FFED-44C6-A643-830BC2F521B4}.Unicode Debug|Win32.Build.0 = Unicode Debug|Win32
		{D316722D-FFED-44C6-A643-830BC2F521B4}.Unicode Debug|x64.ActiveCfg = Unicode Debug|x64
		{D316722D-FFED-44C6-A643-830BC2F521B4}.Unicode Debug|x64.Build.0 = Unicode Debug|x64
		{D316722D-FFED-44C6-A643-830BC2F521B4}.Unicode Release|Win32.ActiveCfg = Unicode Release|Win32
		{D316722D-FFED-44C6-A643-830BC2F521B4}.Unicode Release|Win32.Build.0 = Unicode Release|Win32
		{D316722D-FFED-44C6-A643-830BC2F521B4}.Unicode Release|x64.ActiveCfg = Unicode Release|x64
		{D316722D-FFED-44C6-A643-830BC2F521B4}.Unicode Release|x64.Build.0 = Unicode Release|x64
	EndGlobalSection
	GlobalSection(SolutionProperties) = preSolution
		HideSolutionNode = FALSE
	EndGlobalSection
EndGlobal
