
Microsoft Visual Studio Solution File, Format Version 11.00
# Visual Studio 2010
Project("{8BC9CEB8-8B4A-11D0-8D11-00A0C91BC942}") = "InterfaceWrapper", "InterfaceWrapper\source\InterfaceWrapper.vcxproj", "{884A5C93-0BE0-42E0-A688-DDC80C53DF48}"
EndProject
Project("{8BC9CEB8-8B4A-11D0-8D11-00A0C91BC942}") = "MFCExt", "MFCExt\Source\MFCExt.vcxproj", "{049FFAEF-6751-42F1-B069-DB51BD24911B}"
EndProject
Project("{8BC9CEB8-8B4A-11D0-8D11-00A0C91BC942}") = "MSXMLCPP", "MSXMLCpp\source\MSXMLCPP.vcxproj", "{5E77A852-5E2B-4E6B-B57F-70676F473C93}"
EndProject
Project("{8BC9CEB8-8B4A-11D0-8D11-00A0C91BC942}") = "Documentation", "TCHelp\SourceCodeDoc\TXCDocumentation.vcxproj", "{6A2C0D58-A215-42E0-B4B6-2151467D772A}"
EndProject
Project("{8BC9CEB8-8B4A-11D0-8D11-00A0C91BC942}") = "TeXnicCenter", "TeXnicCenter\TeXnicCenter.vcxproj", "{7795423E-417E-4C41-A629-11EFD0EBF8AD}"
EndProject
Project("{8BC9CEB8-8B4A-11D0-8D11-00A0C91BC942}") = "TeXnicCenterObjects", "TeXnicCenterObjects\Source\TeXnicCenterObjects.vcxproj", "{7D010430-948A-4400-85C4-7D18CB92068F}"
EndProject
Project("{8BC9CEB8-8B4A-11D0-8D11-00A0C91BC942}") = "Templates", "Templates\Templates.vcxproj", "{BA9151F3-0EF2-4A3C-99CB-35B0A3A3D38F}"
EndProject
Project("{8BC9CEB8-8B4A-11D0-8D11-00A0C91BC942}") = "TxcResDeutsch", "TeXnicCenter\TxcDeutsch.vcxproj", "{E8E006D1-6599-43C2-AD30-75E5B5B9F68F}"
EndProject
Project("{8BC9CEB8-8B4A-11D0-8D11-00A0C91BC942}") = "TxcResEnglish", "TeXnicCenter\TxcEnglish.vcxproj", "{08362FD8-04F1-4366-BF4D-31A7707944B9}"
EndProject
Project("{8BC9CEB8-8B4A-11D0-8D11-00A0C91BC942}") = "Hunspell", "Hunspell\src\win_api\libhunspell.vcxproj", "{53609BB3-D874-465C-AF7B-DF626DB0D89B}"
EndProject
Project("{8BC9CEB8-8B4A-11D0-8D11-00A0C91BC942}") = "TXCUserHelp", "TCHelp\TXCUserHelp.vcxproj", "{12243F23-547E-4676-A36D-7DE0EE131354}"
EndProject
Project("{8BC9CEB8-8B4A-11D0-8D11-00A0C91BC942}") = "Dictionaries", "Dictionaries\Dictionaries.vcxproj", "{8BCF7B96-863C-43BE-9B8A-84B8AAB304C7}"
EndProject
Project("{8BC9CEB8-8B4A-11D0-8D11-00A0C91BC942}") = "libiconv", "libiconv\libiconv.vcxproj", "{D316722D-FFED-44C6-A643-830BC2F521B4}"
EndProject
Project("{8BC9CEB8-8B4A-11D0-8D11-00A0C91BC942}") = "SciLexer", "Scintilla\vcbuild\SciLexer.vcxproj", "{08C13851-869A-49A9-BC48-CBD0779A2280}"
EndProject
Project("{8BC9CEB8-8B4A-11D0-8D11-00A0C91BC942}") = "Shared", "Shared\Shared.vcxproj", "{3A301D39-A50C-4D6E-ADC1-2EC869CA78DB}"
EndProject
Global
	GlobalSection(SolutionConfigurationPlatforms) = preSolution
		Debug|Win32 = Debug|Win32
		Debug|x64 = Debug|x64
		Release|Win32 = Release|Win32
		Release|x64 = Release|x64
	EndGlobalSection
	GlobalSection(ProjectConfigurationPlatforms) = postSolution
		{884A5C93-0BE0-42E0-A688-DDC80C53DF48}.Debug|Win32.ActiveCfg = Debug|Win32
		{884A5C93-0BE0-42E0-A688-DDC80C53DF48}.Debug|Win32.Build.0 = Debug|Win32
		{884A5C93-0BE0-42E0-A688-DDC80C53DF48}.Debug|x64.ActiveCfg = Debug|x64
		{884A5C93-0BE0-42E0-A688-DDC80C53DF48}.Debug|x64.Build.0 = Debug|x64
		{884A5C93-0BE0-42E0-A688-DDC80C53DF48}.Release|Win32.ActiveCfg = Release|Win32
		{884A5C93-0BE0-42E0-A688-DDC80C53DF48}.Release|Win32.Build.0 = Release|Win32
		{884A5C93-0BE0-42E0-A688-DDC80C53DF48}.Release|x64.ActiveCfg = Release|x64
		{884A5C93-0BE0-42E0-A688-DDC80C53DF48}.Release|x64.Build.0 = Release|x64
		{049FFAEF-6751-42F1-B069-DB51BD24911B}.Debug|Win32.ActiveCfg = Debug|Win32
		{049FFAEF-6751-42F1-B069-DB51BD24911B}.Debug|Win32.Build.0 = Debug|Win32
		{049FFAEF-6751-42F1-B069-DB51BD24911B}.Debug|x64.ActiveCfg = Debug|x64
		{049FFAEF-6751-42F1-B069-DB51BD24911B}.Debug|x64.Build.0 = Debug|x64
		{049FFAEF-6751-42F1-B069-DB51BD24911B}.Release|Win32.ActiveCfg = Release|Win32
		{049FFAEF-6751-42F1-B069-DB51BD24911B}.Release|Win32.Build.0 = Release|Win32
		{049FFAEF-6751-42F1-B069-DB51BD24911B}.Release|x64.ActiveCfg = Release|x64
		{049FFAEF-6751-42F1-B069-DB51BD24911B}.Release|x64.Build.0 = Release|x64
		{5E77A852-5E2B-4E6B-B57F-70676F473C93}.Debug|Win32.ActiveCfg = Debug|Win32
		{5E77A852-5E2B-4E6B-B57F-70676F473C93}.Debug|Win32.Build.0 = Debug|Win32
		{5E77A852-5E2B-4E6B-B57F-70676F473C93}.Debug|x64.ActiveCfg = Debug|x64
		{5E77A852-5E2B-4E6B-B57F-70676F473C93}.Debug|x64.Build.0 = Debug|x64
		{5E77A852-5E2B-4E6B-B57F-70676F473C93}.Release|Win32.ActiveCfg = Release|Win32
		{5E77A852-5E2B-4E6B-B57F-70676F473C93}.Release|Win32.Build.0 = Release|Win32
		{5E77A852-5E2B-4E6B-B57F-70676F473C93}.Release|x64.ActiveCfg = Release|x64
		{5E77A852-5E2B-4E6B-B57F-70676F473C93}.Release|x64.Build.0 = Release|x64
		{6A2C0D58-A215-42E0-B4B6-2151467D772A}.Debug|Win32.ActiveCfg = Debug|Win32
		{6A2C0D58-A215-42E0-B4B6-2151467D772A}.Debug|x64.ActiveCfg = Debug|x64
		{6A2C0D58-A215-42E0-B4B6-2151467D772A}.Release|Win32.ActiveCfg = Release|Win32
		{6A2C0D58-A215-42E0-B4B6-2151467D772A}.Release|x64.ActiveCfg = Release|x64
		{7795423E-417E-4C41-A629-11EFD0EBF8AD}.Debug|Win32.ActiveCfg = Debug|Win32
		{7795423E-417E-4C41-A629-11EFD0EBF8AD}.Debug|Win32.Build.0 = Debug|Win32
		{7795423E-417E-4C41-A629-11EFD0EBF8AD}.Debug|x64.ActiveCfg = Debug|x64
		{7795423E-417E-4C41-A629-11EFD0EBF8AD}.Debug|x64.Build.0 = Debug|x64
		{7795423E-417E-4C41-A629-11EFD0EBF8AD}.Release|Win32.ActiveCfg = Release|Win32
		{7795423E-417E-4C41-A629-11EFD0EBF8AD}.Release|Win32.Build.0 = Release|Win32
		{7795423E-417E-4C41-A629-11EFD0EBF8AD}.Release|x64.ActiveCfg = Release|x64
		{7795423E-417E-4C41-A629-11EFD0EBF8AD}.Release|x64.Build.0 = Release|x64
		{7D010430-948A-4400-85C4-7D18CB92068F}.Debug|Win32.ActiveCfg = Debug|Win32
		{7D010430-948A-4400-85C4-7D18CB92068F}.Debug|Win32.Build.0 = Debug|Win32
		{7D010430-948A-4400-85C4-7D18CB92068F}.Debug|x64.ActiveCfg = Debug|x64
		{7D010430-948A-4400-85C4-7D18CB92068F}.Debug|x64.Build.0 = Debug|x64
		{7D010430-948A-4400-85C4-7D18CB92068F}.Release|Win32.ActiveCfg = Release|Win32
		{7D010430-948A-4400-85C4-7D18CB92068F}.Release|Win32.Build.0 = Release|Win32
		{7D010430-948A-4400-85C4-7D18CB92068F}.Release|x64.ActiveCfg = Release|x64
		{7D010430-948A-4400-85C4-7D18CB92068F}.Release|x64.Build.0 = Release|x64
		{BA9151F3-0EF2-4A3C-99CB-35B0A3A3D38F}.Debug|Win32.ActiveCfg = Debug|Win32
		{BA9151F3-0EF2-4A3C-99CB-35B0A3A3D38F}.Debug|Win32.Build.0 = Debug|Win32
		{BA9151F3-0EF2-4A3C-99CB-35B0A3A3D38F}.Debug|x64.ActiveCfg = Debug|x64
		{BA9151F3-0EF2-4A3C-99CB-35B0A3A3D38F}.Debug|x64.Build.0 = Debug|x64
		{BA9151F3-0EF2-4A3C-99CB-35B0A3A3D38F}.Release|Win32.ActiveCfg = Release|Win32
		{BA9151F3-0EF2-4A3C-99CB-35B0A3A3D38F}.Release|Win32.Build.0 = Release|Win32
		{BA9151F3-0EF2-4A3C-99CB-35B0A3A3D38F}.Release|x64.ActiveCfg = Release|x64
		{BA9151F3-0EF2-4A3C-99CB-35B0A3A3D38F}.Release|x64.Build.0 = Release|x64
		{E8E006D1-6599-43C2-AD30-75E5B5B9F68F}.Debug|Win32.ActiveCfg = Debug|Win32
		{E8E006D1-6599-43C2-AD30-75E5B5B9F68F}.Debug|Win32.Build.0 = Debug|Win32
		{E8E006D1-6599-43C2-AD30-75E5B5B9F68F}.Debug|x64.ActiveCfg = Debug|x64
		{E8E006D1-6599-43C2-AD30-75E5B5B9F68F}.Debug|x64.Build.0 = Debug|x64
		{E8E006D1-6599-43C2-AD30-75E5B5B9F68F}.Release|Win32.ActiveCfg = Release|Win32
		{E8E006D1-6599-43C2-AD30-75E5B5B9F68F}.Release|Win32.Build.0 = Release|Win32
		{E8E006D1-6599-43C2-AD30-75E5B5B9F68F}.Release|x64.ActiveCfg = Release|x64
		{E8E006D1-6599-43C2-AD30-75E5B5B9F68F}.Release|x64.Build.0 = Release|x64
		{08362FD8-04F1-4366-BF4D-31A7707944B9}.Debug|Win32.ActiveCfg = Debug|Win32
		{08362FD8-04F1-4366-BF4D-31A7707944B9}.Debug|Win32.Build.0 = Debug|Win32
		{08362FD8-04F1-4366-BF4D-31A7707944B9}.Debug|x64.ActiveCfg = Debug|x64
		{08362FD8-04F1-4366-BF4D-31A7707944B9}.Debug|x64.Build.0 = Debug|x64
		{08362FD8-04F1-4366-BF4D-31A7707944B9}.Release|Win32.ActiveCfg = Release|Win32
		{08362FD8-04F1-4366-BF4D-31A7707944B9}.Release|Win32.Build.0 = Release|Win32
		{08362FD8-04F1-4366-BF4D-31A7707944B9}.Release|x64.ActiveCfg = Release|x64
		{08362FD8-04F1-4366-BF4D-31A7707944B9}.Release|x64.Build.0 = Release|x64
		{53609BB3-D874-465C-AF7B-DF626DB0D89B}.Debug|Win32.ActiveCfg = Debug|Win32
		{53609BB3-D874-465C-AF7B-DF626DB0D89B}.Debug|Win32.Build.0 = Debug|Win32
		{53609BB3-D874-465C-AF7B-DF626DB0D89B}.Debug|x64.ActiveCfg = Debug|x64
		{53609BB3-D874-465C-AF7B-DF626DB0D89B}.Debug|x64.Build.0 = Debug|x64
		{53609BB3-D874-465C-AF7B-DF626DB0D89B}.Release|Win32.ActiveCfg = Release|Win32
		{53609BB3-D874-465C-AF7B-DF626DB0D89B}.Release|Win32.Build.0 = Release|Win32
		{53609BB3-D874-465C-AF7B-DF626DB0D89B}.Release|x64.ActiveCfg = Release|x64
		{53609BB3-D874-465C-AF7B-DF626DB0D89B}.Release|x64.Build.0 = Release|x64
		{12243F23-547E-4676-A36D-7DE0EE131354}.Debug|Win32.ActiveCfg = Debug|Win32
		{12243F23-547E-4676-A36D-7DE0EE131354}.Debug|Win32.Build.0 = Debug|Win32
		{12243F23-547E-4676-A36D-7DE0EE131354}.Debug|x64.ActiveCfg = Debug|x64
		{12243F23-547E-4676-A36D-7DE0EE131354}.Debug|x64.Build.0 = Debug|x64
		{12243F23-547E-4676-A36D-7DE0EE131354}.Release|Win32.ActiveCfg = Release|Win32
		{12243F23-547E-4676-A36D-7DE0EE131354}.Release|Win32.Build.0 = Release|Win32
		{12243F23-547E-4676-A36D-7DE0EE131354}.Release|x64.ActiveCfg = Release|x64
		{12243F23-547E-4676-A36D-7DE0EE131354}.Release|x64.Build.0 = Release|x64
		{8BCF7B96-863C-43BE-9B8A-84B8AAB304C7}.Debug|Win32.ActiveCfg = Debug|Win32
		{8BCF7B96-863C-43BE-9B8A-84B8AAB304C7}.Debug|Win32.Build.0 = Debug|Win32
		{8BCF7B96-863C-43BE-9B8A-84B8AAB304C7}.Debug|x64.ActiveCfg = Debug|x64
		{8BCF7B96-863C-43BE-9B8A-84B8AAB304C7}.Debug|x64.Build.0 = Debug|x64
		{8BCF7B96-863C-43BE-9B8A-84B8AAB304C7}.Release|Win32.ActiveCfg = Release|Win32
		{8BCF7B96-863C-43BE-9B8A-84B8AAB304C7}.Release|Win32.Build.0 = Release|Win32
		{8BCF7B96-863C-43BE-9B8A-84B8AAB304C7}.Release|x64.ActiveCfg = Release|x64
		{8BCF7B96-863C-43BE-9B8A-84B8AAB304C7}.Release|x64.Build.0 = Release|x64
		{D316722D-FFED-44C6-A643-830BC2F521B4}.Debug|Win32.ActiveCfg = Debug|Win32
		{D316722D-FFED-44C6-A643-830BC2F521B4}.Debug|Win32.Build.0 = Debug|Win32
		{D316722D-FFED-44C6-A643-830BC2F521B4}.Debug|x64.ActiveCfg = Debug|x64
		{D316722D-FFED-44C6-A643-830BC2F521B4}.Debug|x64.Build.0 = Debug|x64
		{D316722D-FFED-44C6-A643-830BC2F521B4}.Release|Win32.ActiveCfg = Release|Win32
		{D316722D-FFED-44C6-A643-830BC2F521B4}.Release|Win32.Build.0 = Release|Win32
		{D316722D-FFED-44C6-A643-830BC2F521B4}.Release|x64.ActiveCfg = Release|x64
		{D316722D-FFED-44C6-A643-830BC2F521B4}.Release|x64.Build.0 = Release|x64
		{08C13851-869A-49A9-BC48-CBD0779A2280}.Debug|Win32.ActiveCfg = Debug|Win32
		{08C13851-869A-49A9-BC48-CBD0779A2280}.Debug|Win32.Build.0 = Debug|Win32
		{08C13851-869A-49A9-BC48-CBD0779A2280}.Debug|x64.ActiveCfg = Debug|x64
		{08C13851-869A-49A9-BC48-CBD0779A2280}.Debug|x64.Build.0 = Debug|x64
		{08C13851-869A-49A9-BC48-CBD0779A2280}.Release|Win32.ActiveCfg = Release|Win32
		{08C13851-869A-49A9-BC48-CBD0779A2280}.Release|Win32.Build.0 = Release|Win32
		{08C13851-869A-49A9-BC48-CBD0779A2280}.Release|x64.ActiveCfg = Release|x64
		{08C13851-869A-49A9-BC48-CBD0779A2280}.Release|x64.Build.0 = Release|x64
		{3A301D39-A50C-4D6E-ADC1-2EC869CA78DB}.Debug|Win32.ActiveCfg = Debug|Win32
		{3A301D39-A50C-4D6E-ADC1-2EC869CA78DB}.Debug|Win32.Build.0 = Debug|Win32
		{3A301D39-A50C-4D6E-ADC1-2EC869CA78DB}.Debug|x64.ActiveCfg = Debug|x64
		{3A301D39-A50C-4D6E-ADC1-2EC869CA78DB}.Debug|x64.Build.0 = Debug|x64
		{3A301D39-A50C-4D6E-ADC1-2EC869CA78DB}.Release|Win32.ActiveCfg = Release|Win32
		{3A301D39-A50C-4D6E-ADC1-2EC869CA78DB}.Release|Win32.Build.0 = Release|Win32
		{3A301D39-A50C-4D6E-ADC1-2EC869CA78DB}.Release|x64.ActiveCfg = Release|x64
		{3A301D39-A50C-4D6E-ADC1-2EC869CA78DB}.Release|x64.Build.0 = Release|x64
	EndGlobalSection
	GlobalSection(SolutionProperties) = preSolution
		HideSolutionNode = FALSE
	EndGlobalSection
EndGlobal
