<?xml version="1.0" encoding="utf-8"?>
<Project ToolsVersion="4.0" xmlns="http://schemas.microsoft.com/developer/msbuild/2003">
  <ItemGroup>
    <Filter Include="Resource Files">
      <UniqueIdentifier>{1633d302-7a3b-4d1d-bd15-1a6465db994f}</UniqueIdentifier>
      <Extensions>ico;cur;bmp;dlg;rc2;rct;bin;rgs;gif;jpg;jpeg;jpe</Extensions>
    </Filter>
    <Filter Include="Header Files">
      <UniqueIdentifier>{f7063b5f-d520-4d1e-a1f1-b6b178ac1a0e}</UniqueIdentifier>
      <Extensions>h;hpp;hxx;hm;inl</Extensions>
    </Filter>
  </ItemGroup>
  <ItemGroup>
    <None Include="res\additional.bmp">
      <Filter>Resource Files</Filter>
    </None>
    <None Include="res\buildanimation.bmp">
      <Filter>Resource Files</Filter>
    </None>
    <None Include="res\document.bmp">
      <Filter>Resource Files</Filter>
    </None>
    <None Include="res\documenttypes.bmp">
      <Filter>Resource Files</Filter>
    </None>
    <None Include="res\documenttypeslarge.bmp">
      <Filter>Resource Files</Filter>
    </None>
    <None Include="res\errorlist.bmp">
      <Filter>Resource Files</Filter>
    </None>
    <None Include="res\fileview.bmp">
      <Filter>Resource Files</Filter>
    </None>
    <None Include="res\find.bmp">
      <Filter>Resource Files</Filter>
    </None>
    <None Include="res\format.bmp">
      <Filter>Resource Files</Filter>
    </None>
    <None Include="res\formatrecentlyused.bmp">
      <Filter>Resource Files</Filter>
    </None>
    <None Include="res\idr_late.ico">
      <Filter>Resource Files</Filter>
    </None>
    <None Include="res\images.bmp">
      <Filter>Resource Files</Filter>
    </None>
    <None Include="res\insert.bmp">
      <Filter>Resource Files</Filter>
    </None>
    <None Include="res\itemtypes.bmp">
      <Filter>Resource Files</Filter>
    </None>
    <None Include="res\latex.bmp">
      <Filter>Resource Files</Filter>
    </None>
    <None Include="res\LatexDoc.ico">
      <Filter>Resource Files</Filter>
    </None>
    <None Include="res\LatexDoc_yellow.ico">
      <Filter>Resource Files</Filter>
    </None>
    <None Include="res\lightbulb.bmp">
      <Filter>Resource Files</Filter>
    </None>
    <None Include="res\logo.bmp">
      <Filter>Resource Files</Filter>
    </None>
    <None Include="res\mainframe.bmp">
      <Filter>Resource Files</Filter>
    </None>
    <None Include="res\math.bmp">
      <Filter>Resource Files</Filter>
    </None>
    <None Include="res\mathbar1.bmp">
      <Filter>Resource Files</Filter>
    </None>
    <None Include="res\mathbar10.bmp">
      <Filter>Resource Files</Filter>
    </None>
    <None Include="res\mathbar11.bmp">
      <Filter>Resource Files</Filter>
    </None>
    <None Include="res\mathbar12.bmp">
      <Filter>Resource Files</Filter>
    </None>
    <None Include="res\mathbar13.bmp">
      <Filter>Resource Files</Filter>
    </None>
    <None Include="res\mathbar14.bmp">
      <Filter>Resource Files</Filter>
    </None>
    <None Include="res\mathbar16.bmp">
      <Filter>Resource Files</Filter>
    </None>
    <None Include="res\mathbar17.bmp">
      <Filter>Resource Files</Filter>
    </None>
    <None Include="res\mathbar2.bmp">
      <Filter>Resource Files</Filter>
    </None>
    <None Include="res\mathbar3.bmp">
      <Filter>Resource Files</Filter>
    </None>
    <None Include="res\mathbar4.bmp">
      <Filter>Resource Files</Filter>
    </None>
    <None Include="res\mathbar5.bmp">
      <Filter>Resource Files</Filter>
    </None>
    <None Include="res\mathbar6.bmp">
      <Filter>Resource Files</Filter>
    </None>
    <None Include="res\mathbar7.bmp">
      <Filter>Resource Files</Filter>
    </None>
    <None Include="res\mathbar8.bmp">
      <Filter>Resource Files</Filter>
    </None>
    <None Include="res\mathbar9.bmp">
      <Filter>Resource Files</Filter>
    </None>
    <None Include="res\navigationbar.bmp">
      <Filter>Resource Files</Filter>
    </None>
    <None Include="res\outputbar.bmp">
      <Filter>Resource Files</Filter>
    </None>
    <None Include="res\sdragcopy.cur">
      <Filter>Resource Files</Filter>
    </None>
    <None Include="res\separator.bmp">
      <Filter>Resource Files</Filter>
    </None>
    <None Include="res\singledrag.cur">
      <Filter>Resource Files</Filter>
    </None>
    <None Include="res\splash.bmp">
      <Filter>Resource Files</Filter>
    </None>
    <None Include="res\structuretoolbar.bmp">
      <Filter>Resource Files</Filter>
    </None>
    <None Include="res\successindicators.bmp">
      <Filter>Resource Files</Filter>
    </None>
    <None Include="res\TeXnicCenter.ico">
      <Filter>Resource Files</Filter>
    </None>
    <None Include="res\TeXnicCenter.rc2">
      <Filter>Resource Files</Filter>
    </None>
    <None Include="res\TeXnicCenter_yellow.ico">
      <Filter>Resource Files</Filter>
    </None>
    <None Include="res\Wizard.ico">
      <Filter>Resource Files</Filter>
    </None>
    <None Include="res\Wizard_yellow.ico">
      <Filter>Resource Files</Filter>
    </None>
  </ItemGroup>
  <ItemGroup>
    <ResourceCompile Include="TeXnicCenter.rc">
      <Filter>Resource Files</Filter>
    </ResourceCompile>
  </ItemGroup>
  <ItemGroup>
    <ClInclude Include="resource.h">
      <Filter>Header Files</Filter>
    </ClInclude>
  </ItemGroup>
</Project>